// !$*UTF8*$!
{
	archiveVersion = 1;
	classes = {
	};
	objectVersion = 56;
	objects = {

/* Begin PBXBuildFile section */
		97A9884628DBB6520037D939 /* HW5App.swift in Sources */ = {isa = PBXBuildFile; fileRef = 97A9884528DBB6520037D939 /* HW5App.swift */; };
		97A9884828DBB6520037D939 /* ContentView.swift in Sources */ = {isa = PBXBuildFile; fileRef = 97A9884728DBB6520037D939 /* ContentView.swift */; };
		97A9884A28DBB6540037D939 /* Assets.xcassets in Resources */ = {isa = PBXBuildFile; fileRef = 97A9884928DBB6540037D939 /* Assets.xcassets */; };
		97A9884D28DBB6540037D939 /* Preview Assets.xcassets in Resources */ = {isa = PBXBuildFile; fileRef = 97A9884C28DBB6540037D939 /* Preview Assets.xcassets */; };
		97A9885728DBB6540037D939 /* HW5Tests.swift in Sources */ = {isa = PBXBuildFile; fileRef = 97A9885628DBB6540037D939 /* HW5Tests.swift */; };
		97A9886128DBB6540037D939 /* HW5UITests.swift in Sources */ = {isa = PBXBuildFile; fileRef = 97A9886028DBB6540037D939 /* HW5UITests.swift */; };
		97A9886328DBB6540037D939 /* HW5UITestsLaunchTests.swift in Sources */ = {isa = PBXBuildFile; fileRef = 97A9886228DBB6540037D939 /* HW5UITestsLaunchTests.swift */; };
/* End PBXBuildFile section */

/* Begin PBXContainerItemProxy section */
		97A9885328DBB6540037D939 /* PBXContainerItemProxy */ = {
			isa = PBXContainerItemProxy;
			containerPortal = 97A9883A28DBB6520037D939 /* Project object */;
			proxyType = 1;
			remoteGlobalIDString = 97A9884128DBB6520037D939;
			remoteInfo = HW5;
		};
		97A9885D28DBB6540037D939 /* PBXContainerItemProxy */ = {
			isa = PBXContainerItemProxy;
			containerPortal = 97A9883A28DBB6520037D939 /* Project object */;
			proxyType = 1;
			remoteGlobalIDString = 97A9884128DBB6520037D939;
			remoteInfo = HW5;
		};
/* End PBXContainerItemProxy section */

/* Begin PBXFileReference section */
		97A9884228DBB6520037D939 /* HW5.app */ = {isa = PBXFileReference; explicitFileType = wrapper.application; includeInIndex = 0; path = HW5.app; sourceTree = BUILT_PRODUCTS_DIR; };
		97A9884528DBB6520037D939 /* HW5App.swift */ = {isa = PBXFileReference; lastKnownFileType = sourcecode.swift; path = HW5App.swift; sourceTree = "<group>"; };
		97A9884728DBB6520037D939 /* ContentView.swift */ = {isa = PBXFileReference; lastKnownFileType = sourcecode.swift; path = ContentView.swift; sourceTree = "<group>"; };
		97A9884928DBB6540037D939 /* Assets.xcassets */ = {isa = PBXFileReference; lastKnownFileType = folder.assetcatalog; path = Assets.xcassets; sourceTree = "<group>"; };
		97A9884C28DBB6540037D939 /* Preview Assets.xcassets */ = {isa = PBXFileReference; lastKnownFileType = folder.assetcatalog; path = "Preview Assets.xcassets"; sourceTree = "<group>"; };
		97A9885228DBB6540037D939 /* HW5Tests.xctest */ = {isa = PBXFileReference; explicitFileType = wrapper.cfbundle; includeInIndex = 0; path = HW5Tests.xctest; sourceTree = BUILT_PRODUCTS_DIR; };
		97A9885628DBB6540037D939 /* HW5Tests.swift */ = {isa = PBXFileReference; lastKnownFileType = sourcecode.swift; path = HW5Tests.swift; sourceTree = "<group>"; };
		97A9885C28DBB6540037D939 /* HW5UITests.xctest */ = {isa = PBXFileReference; explicitFileType = wrapper.cfbundle; includeInIndex = 0; path = HW5UITests.xctest; sourceTree = BUILT_PRODUCTS_DIR; };
		97A9886028DBB6540037D939 /* HW5UITests.swift */ = {isa = PBXFileReference; lastKnownFileType = sourcecode.swift; path = HW5UITests.swift; sourceTree = "<group>"; };
		97A9886228DBB6540037D939 /* HW5UITestsLaunchTests.swift */ = {isa = PBXFileReference; lastKnownFileType = sourcecode.swift; path = HW5UITestsLaunchTests.swift; sourceTree = "<group>"; };
/* End PBXFileReference section */

/* Begin PBXFrameworksBuildPhase section */
		97A9883F28DBB6520037D939 /* Frameworks */ = {
			isa = PBXFrameworksBuildPhase;
			buildActionMask = 2147483647;
			files = (
			);
			runOnlyForDeploymentPostprocessing = 0;
		};
		97A9884F28DBB6540037D939 /* Frameworks */ = {
			isa = PBXFrameworksBuildPhase;
			buildActionMask = 2147483647;
			files = (
			);
			runOnlyForDeploymentPostprocessing = 0;
		};
		97A9885928DBB6540037D939 /* Frameworks */ = {
			isa = PBXFrameworksBuildPhase;
			buildActionMask = 2147483647;
			files = (
			);
			runOnlyForDeploymentPostprocessing = 0;
		};
/* End PBXFrameworksBuildPhase section */

/* Begin PBXGroup section */
		97A9883928DBB6520037D939 = {
			isa = PBXGroup;
			children = (
				97A9884428DBB6520037D939 /* HW5 */,
				97A9885528DBB6540037D939 /* HW5Tests */,
				97A9885F28DBB6540037D939 /* HW5UITests */,
				97A9884328DBB6520037D939 /* Products */,
			);
			sourceTree = "<group>";
		};
		97A9884328DBB6520037D939 /* Products */ = {
			isa = PBXGroup;
			children = (
				97A9884228DBB6520037D939 /* HW5.app */,
				97A9885228DBB6540037D939 /* HW5Tests.xctest */,
				97A9885C28DBB6540037D939 /* HW5UITests.xctest */,
			);
			name = Products;
			sourceTree = "<group>";
		};
		97A9884428DBB6520037D939 /* HW5 */ = {
			isa = PBXGroup;
			children = (
				97A9884528DBB6520037D939 /* HW5App.swift */,
				97A9884728DBB6520037D939 /* ContentView.swift */,
				97A9884928DBB6540037D939 /* Assets.xcassets */,
				97A9884B28DBB6540037D939 /* Preview Content */,
			);
			path = HW5;
			sourceTree = "<group>";
		};
		97A9884B28DBB6540037D939 /* Preview Content */ = {
			isa = PBXGroup;
			children = (
				97A9884C28DBB6540037D939 /* Preview Assets.xcassets */,
			);
			path = "Preview Content";
			sourceTree = "<group>";
		};
		97A9885528DBB6540037D939 /* HW5Tests */ = {
			isa = PBXGroup;
			children = (
				97A9885628DBB6540037D939 /* HW5Tests.swift */,
			);
			path = HW5Tests;
			sourceTree = "<group>";
		};
		97A9885F28DBB6540037D939 /* HW5UITests */ = {
			isa = PBXGroup;
			children = (
				97A9886028DBB6540037D939 /* HW5UITests.swift */,
				97A9886228DBB6540037D939 /* HW5UITestsLaunchTests.swift */,
			);
			path = HW5UITests;
			sourceTree = "<group>";
		};
/* End PBXGroup section */

/* Begin PBXNativeTarget section */
		97A9884128DBB6520037D939 /* HW5 */ = {
			isa = PBXNativeTarget;
			buildConfigurationList = 97A9886628DBB6540037D939 /* Build configuration list for PBXNativeTarget "HW5" */;
			buildPhases = (
				97A9883E28DBB6520037D939 /* Sources */,
				97A9883F28DBB6520037D939 /* Frameworks */,
				97A9884028DBB6520037D939 /* Resources */,
			);
			buildRules = (
			);
			dependencies = (
			);
			name = HW5;
			productName = HW5;
			productReference = 97A9884228DBB6520037D939 /* HW5.app */;
			productType = "com.apple.product-type.application";
		};
		97A9885128DBB6540037D939 /* HW5Tests */ = {
			isa = PBXNativeTarget;
			buildConfigurationList = 97A9886928DBB6540037D939 /* Build configuration list for PBXNativeTarget "HW5Tests" */;
			buildPhases = (
				97A9884E28DBB6540037D939 /* Sources */,
				97A9884F28DBB6540037D939 /* Frameworks */,
				97A9885028DBB6540037D939 /* Resources */,
			);
			buildRules = (
			);
			dependencies = (
				97A9885428DBB6540037D939 /* PBXTargetDependency */,
			);
			name = HW5Tests;
			productName = HW5Tests;
			productReference = 97A9885228DBB6540037D939 /* HW5Tests.xctest */;
			productType = "com.apple.product-type.bundle.unit-test";
		};
		97A9885B28DBB6540037D939 /* HW5UITests */ = {
			isa = PBXNativeTarget;
			buildConfigurationList = 97A9886C28DBB6540037D939 /* Build configuration list for PBXNativeTarget "HW5UITests" */;
			buildPhases = (
				97A9885828DBB6540037D939 /* Sources */,
				97A9885928DBB6540037D939 /* Frameworks */,
				97A9885A28DBB6540037D939 /* Resources */,
			);
			buildRules = (
			);
			dependencies = (
				97A9885E28DBB6540037D939 /* PBXTargetDependency */,
			);
			name = HW5UITests;
			productName = HW5UITests;
			productReference = 97A9885C28DBB6540037D939 /* HW5UITests.xctest */;
			productType = "com.apple.product-type.bundle.ui-testing";
		};
/* End PBXNativeTarget section */

/* Begin PBXProject section */
		97A9883A28DBB6520037D939 /* Project object */ = {
			isa = PBXProject;
			attributes = {
				BuildIndependentTargetsInParallel = 1;
				LastSwiftUpdateCheck = 1400;
				LastUpgradeCheck = 1400;
				TargetAttributes = {
					97A9884128DBB6520037D939 = {
						CreatedOnToolsVersion = 14.0;
					};
					97A9885128DBB6540037D939 = {
						CreatedOnToolsVersion = 14.0;
						TestTargetID = 97A9884128DBB6520037D939;
					};
					97A9885B28DBB6540037D939 = {
						CreatedOnToolsVersion = 14.0;
						TestTargetID = 97A9884128DBB6520037D939;
					};
				};
			};
			buildConfigurationList = 97A9883D28DBB6520037D939 /* Build configuration list for PBXProject "HW5" */;
			compatibilityVersion = "Xcode 14.0";
			developmentRegion = en;
			hasScannedForEncodings = 0;
			knownRegions = (
				en,
				Base,
			);
			mainGroup = 97A9883928DBB6520037D939;
			productRefGroup = 97A9884328DBB6520037D939 /* Products */;
			projectDirPath = "";
			projectRoot = "";
			targets = (
				97A9884128DBB6520037D939 /* HW5 */,
				97A9885128DBB6540037D939 /* HW5Tests */,
				97A9885B28DBB6540037D939 /* HW5UITests */,
			);
		};
/* End PBXProject section */

/* Begin PBXResourcesBuildPhase section */
		97A9884028DBB6520037D939 /* Resources */ = {
			isa = PBXResourcesBuildPhase;
			buildActionMask = 2147483647;
			files = (
				97A9884D28DBB6540037D939 /* Preview Assets.xcassets in Resources */,
				97A9884A28DBB6540037D939 /* Assets.xcassets in Resources */,
			);
			runOnlyForDeploymentPostprocessing = 0;
		};
		97A9885028DBB6540037D939 /* Resources */ = {
			isa = PBXResourcesBuildPhase;
			buildActionMask = 2147483647;
			files = (
			);
			runOnlyForDeploymentPostprocessing = 0;
		};
		97A9885A28DBB6540037D939 /* Resources */ = {
			isa = PBXResourcesBuildPhase;
			buildActionMask = 2147483647;
			files = (
			);
			runOnlyForDeploymentPostprocessing = 0;
		};
/* End PBXResourcesBuildPhase section */

/* Begin PBXSourcesBuildPhase section */
		97A9883E28DBB6520037D939 /* Sources */ = {
			isa = PBXSourcesBuildPhase;
			buildActionMask = 2147483647;
			files = (
				97A9884828DBB6520037D939 /* ContentView.swift in Sources */,
				97A9884628DBB6520037D939 /* HW5App.swift in Sources */,
			);
			runOnlyForDeploymentPostprocessing = 0;
		};
		97A9884E28DBB6540037D939 /* Sources */ = {
			isa = PBXSourcesBuildPhase;
			buildActionMask = 2147483647;
			files = (
				97A9885728DBB6540037D939 /* HW5Tests.swift in Sources */,
			);
			runOnlyForDeploymentPostprocessing = 0;
		};
		97A9885828DBB6540037D939 /* Sources */ = {
			isa = PBXSourcesBuildPhase;
			buildActionMask = 2147483647;
			files = (
				97A9886128DBB6540037D939 /* HW5UITests.swift in Sources */,
				97A9886328DBB6540037D939 /* HW5UITestsLaunchTests.swift in Sources */,
			);
			runOnlyForDeploymentPostprocessing = 0;
		};
/* End PBXSourcesBuildPhase section */

/* Begin PBXTargetDependency section */
		97A9885428DBB6540037D939 /* PBXTargetDependency */ = {
			isa = PBXTargetDependency;
			target = 97A9884128DBB6520037D939 /* HW5 */;
			targetProxy = 97A9885328DBB6540037D939 /* PBXContainerItemProxy */;
		};
		97A9885E28DBB6540037D939 /* PBXTargetDependency */ = {
			isa = PBXTargetDependency;
			target = 97A9884128DBB6520037D939 /* HW5 */;
			targetProxy = 97A9885D28DBB6540037D939 /* PBXContainerItemProxy */;
		};
/* End PBXTargetDependency section */

/* Begin XCBuildConfiguration section */
		97A9886428DBB6540037D939 /* Debug */ = {
			isa = XCBuildConfiguration;
			buildSettings = {
				ALWAYS_SEARCH_USER_PATHS = NO;
				CLANG_ANALYZER_NONNULL = YES;
				CLANG_ANALYZER_NUMBER_OBJECT_CONVERSION = YES_AGGRESSIVE;
				CLANG_CXX_LANGUAGE_STANDARD = "gnu++20";
				CLANG_ENABLE_MODULES = YES;
				CLANG_ENABLE_OBJC_ARC = YES;
				CLANG_ENABLE_OBJC_WEAK = YES;
				CLANG_WARN_BLOCK_CAPTURE_AUTORELEASING = YES;
				CLANG_WARN_BOOL_CONVERSION = YES;
				CLANG_WARN_COMMA = YES;
				CLANG_WARN_CONSTANT_CONVERSION = YES;
				CLANG_WARN_DEPRECATED_OBJC_IMPLEMENTATIONS = YES;
				CLANG_WARN_DIRECT_OBJC_ISA_USAGE = YES_ERROR;
				CLANG_WARN_DOCUMENTATION_COMMENTS = YES;
				CLANG_WARN_EMPTY_BODY = YES;
				CLANG_WARN_ENUM_CONVERSION = YES;
				CLANG_WARN_INFINITE_RECURSION = YES;
				CLANG_WARN_INT_CONVERSION = YES;
				CLANG_WARN_NON_LITERAL_NULL_CONVERSION = YES;
				CLANG_WARN_OBJC_IMPLICIT_RETAIN_SELF = YES;
				CLANG_WARN_OBJC_LITERAL_CONVERSION = YES;
				CLANG_WARN_OBJC_ROOT_CLASS = YES_ERROR;
				CLANG_WARN_QUOTED_INCLUDE_IN_FRAMEWORK_HEADER = YES;
				CLANG_WARN_RANGE_LOOP_ANALYSIS = YES;
				CLANG_WARN_STRICT_PROTOTYPES = YES;
				CLANG_WARN_SUSPICIOUS_MOVE = YES;
				CLANG_WARN_UNGUARDED_AVAILABILITY = YES_AGGRESSIVE;
				CLANG_WARN_UNREACHABLE_CODE = YES;
				CLANG_WARN__DUPLICATE_METHOD_MATCH = YES;
				COPY_PHASE_STRIP = NO;
				DEBUG_INFORMATION_FORMAT = dwarf;
				ENABLE_STRICT_OBJC_MSGSEND = YES;
				ENABLE_TESTABILITY = YES;
				GCC_C_LANGUAGE_STANDARD = gnu11;
				GCC_DYNAMIC_NO_PIC = NO;
				GCC_NO_COMMON_BLOCKS = YES;
				GCC_OPTIMIZATION_LEVEL = 0;
				GCC_PREPROCESSOR_DEFINITIONS = (
					"DEBUG=1",
					"$(inherited)",
				);
				GCC_WARN_64_TO_32_BIT_CONVERSION = YES;
				GCC_WARN_ABOUT_RETURN_TYPE = YES_ERROR;
				GCC_WARN_UNDECLARED_SELECTOR = YES;
				GCC_WARN_UNINITIALIZED_AUTOS = YES_AGGRESSIVE;
				GCC_WARN_UNUSED_FUNCTION = YES;
				GCC_WARN_UNUSED_VARIABLE = YES;
				IPHONEOS_DEPLOYMENT_TARGET = 16.0;
				MTL_ENABLE_DEBUG_INFO = INCLUDE_SOURCE;
				MTL_FAST_MATH = YES;
				ONLY_ACTIVE_ARCH = YES;
				SDKROOT = iphoneos;
				SWIFT_ACTIVE_COMPILATION_CONDITIONS = DEBUG;
				SWIFT_OPTIMIZATION_LEVEL = "-Onone";
			};
			name = Debug;
		};
		97A9886528DBB6540037D939 /* Release */ = {
			isa = XCBuildConfiguration;
			buildSettings = {
				ALWAYS_SEARCH_USER_PATHS = NO;
				CLANG_ANALYZER_NONNULL = YES;
				CLANG_ANALYZER_NUMBER_OBJECT_CONVERSION = YES_AGGRESSIVE;
				CLANG_CXX_LANGUAGE_STANDARD = "gnu++20";
				CLANG_ENABLE_MODULES = YES;
				CLANG_ENABLE_OBJC_ARC = YES;
				CLANG_ENABLE_OBJC_WEAK = YES;
				CLANG_WARN_BLOCK_CAPTURE_AUTORELEASING = YES;
				CLANG_WARN_BOOL_CONVERSION = YES;
				CLANG_WARN_COMMA = YES;
				CLANG_WARN_CONSTANT_CONVERSION = YES;
				CLANG_WARN_DEPRECATED_OBJC_IMPLEMENTATIONS = YES;
				CLANG_WARN_DIRECT_OBJC_ISA_USAGE = YES_ERROR;
				CLANG_WARN_DOCUMENTATION_COMMENTS = YES;
				CLANG_WARN_EMPTY_BODY = YES;
				CLANG_WARN_ENUM_CONVERSION = YES;
				CLANG_WARN_INFINITE_RECURSION = YES;
				CLANG_WARN_INT_CONVERSION = YES;
				CLANG_WARN_NON_LITERAL_NULL_CONVERSION = YES;
				CLANG_WARN_OBJC_IMPLICIT_RETAIN_SELF = YES;
				CLANG_WARN_OBJC_LITERAL_CONVERSION = YES;
				CLANG_WARN_OBJC_ROOT_CLASS = YES_ERROR;
				CLANG_WARN_QUOTED_INCLUDE_IN_FRAMEWORK_HEADER = YES;
				CLANG_WARN_RANGE_LOOP_ANALYSIS = YES;
				CLANG_WARN_STRICT_PROTOTYPES = YES;
				CLANG_WARN_SUSPICIOUS_MOVE = YES;
				CLANG_WARN_UNGUARDED_AVAILABILITY = YES_AGGRESSIVE;
				CLANG_WARN_UNREACHABLE_CODE = YES;
				CLANG_WARN__DUPLICATE_METHOD_MATCH = YES;
				COPY_PHASE_STRIP = NO;
				DEBUG_INFORMATION_FORMAT = "dwarf-with-dsym";
				ENABLE_NS_ASSERTIONS = NO;
				ENABLE_STRICT_OBJC_MSGSEND = YES;
				GCC_C_LANGUAGE_STANDARD = gnu11;
				GCC_NO_COMMON_BLOCKS = YES;
				GCC_WARN_64_TO_32_BIT_CONVERSION = YES;
				GCC_WARN_ABOUT_RETURN_TYPE = YES_ERROR;
				GCC_WARN_UNDECLARED_SELECTOR = YES;
				GCC_WARN_UNINITIALIZED_AUTOS = YES_AGGRESSIVE;
				GCC_WARN_UNUSED_FUNCTION = YES;
				GCC_WARN_UNUSED_VARIABLE = YES;
				IPHONEOS_DEPLOYMENT_TARGET = 16.0;
				MTL_ENABLE_DEBUG_INFO = NO;
				MTL_FAST_MATH = YES;
				SDKROOT = iphoneos;
				SWIFT_COMPILATION_MODE = wholemodule;
				SWIFT_OPTIMIZATION_LEVEL = "-O";
				VALIDATE_PRODUCT = YES;
			};
			name = Release;
		};
		97A9886728DBB6540037D939 /* Debug */ = {
			isa = XCBuildConfiguration;
			buildSettings = {
				ASSETCATALOG_COMPILER_APPICON_NAME = AppIcon;
				ASSETCATALOG_COMPILER_GLOBAL_ACCENT_COLOR_NAME = AccentColor;
				CODE_SIGN_STYLE = Automatic;
				CURRENT_PROJECT_VERSION = 1;
				DEVELOPMENT_ASSET_PATHS = "\"HW5/Preview Content\"";
				ENABLE_PREVIEWS = YES;
				GENERATE_INFOPLIST_FILE = YES;
				INFOPLIST_KEY_UIApplicationSceneManifest_Generation = YES;
				INFOPLIST_KEY_UIApplicationSupportsIndirectInputEvents = YES;
				INFOPLIST_KEY_UILaunchScreen_Generation = YES;
				INFOPLIST_KEY_UISupportedInterfaceOrientations_iPad = "UIInterfaceOrientationPortrait UIInterfaceOrientationPortraitUpsideDown UIInterfaceOrientationLandscapeLeft UIInterfaceOrientationLandscapeRight";
				INFOPLIST_KEY_UISupportedInterfaceOrientations_iPhone = "UIInterfaceOrientationPortrait UIInterfaceOrientationLandscapeLeft UIInterfaceOrientationLandscapeRight";
				LD_RUNPATH_SEARCH_PATHS = (
					"$(inherited)",
					"@executable_path/Frameworks",
				);
				MARKETING_VERSION = 1.0;
				PRODUCT_BUNDLE_IDENTIFIER = com.meggleason.HW5;
				PRODUCT_NAME = "$(TARGET_NAME)";
				SWIFT_EMIT_LOC_STRINGS = YES;
				SWIFT_VERSION = 5.0;
				TARGETED_DEVICE_FAMILY = "1,2";
			};
			name = Debug;
		};
		97A9886828DBB6540037D939 /* Release */ = {
			isa = XCBuildConfiguration;
			buildSettings = {
				ASSETCATALOG_COMPILER_APPICON_NAME = AppIcon;
				ASSETCATALOG_COMPILER_GLOBAL_ACCENT_COLOR_NAME = AccentColor;
				CODE_SIGN_STYLE = Automatic;
				CURRENT_PROJECT_VERSION = 1;
				DEVELOPMENT_ASSET_PATHS = "\"HW5/Preview Content\"";
				ENABLE_PREVIEWS = YES;
				GENERATE_INFOPLIST_FILE = YES;
				INFOPLIST_KEY_UIApplicationSceneManifest_Generation = YES;
				INFOPLIST_KEY_UIApplicationSupportsIndirectInputEvents = YES;
				INFOPLIST_KEY_UILaunchScreen_Generation = YES;
				INFOPLIST_KEY_UISupportedInterfaceOrientations_iPad = "UIInterfaceOrientationPortrait UIInterfaceOrientationPortraitUpsideDown UIInterfaceOrientationLandscapeLeft UIInterfaceOrientationLandscapeRight";
				INFOPLIST_KEY_UISupportedInterfaceOrientations_iPhone = "UIInterfaceOrientationPortrait UIInterfaceOrientationLandscapeLeft UIInterfaceOrientationLandscapeRight";
				LD_RUNPATH_SEARCH_PATHS = (
					"$(inherited)",
					"@executable_path/Frameworks",
				);
				MARKETING_VERSION = 1.0;
				PRODUCT_BUNDLE_IDENTIFIER = com.meggleason.HW5;
				PRODUCT_NAME = "$(TARGET_NAME)";
				SWIFT_EMIT_LOC_STRINGS = YES;
				SWIFT_VERSION = 5.0;
				TARGETED_DEVICE_FAMILY = "1,2";
			};
			name = Release;
		};
		97A9886A28DBB6540037D939 /* Debug */ = {
			isa = XCBuildConfiguration;
			buildSettings = {
				ALWAYS_EMBED_SWIFT_STANDARD_LIBRARIES = YES;
				BUNDLE_LOADER = "$(TEST_HOST)";
				CODE_SIGN_STYLE = Automatic;
				CURRENT_PROJECT_VERSION = 1;
				GENERATE_INFOPLIST_FILE = YES;
				IPHONEOS_DEPLOYMENT_TARGET = 16.0;
				MARKETING_VERSION = 1.0;
				PRODUCT_BUNDLE_IDENTIFIER = com.meggleason.HW5Tests;
				PRODUCT_NAME = "$(TARGET_NAME)";
				SWIFT_EMIT_LOC_STRINGS = NO;
				SWIFT_VERSION = 5.0;
				TARGETED_DEVICE_FAMILY = "1,2";
				TEST_HOST = "$(BUILT_PRODUCTS_DIR)/HW5.app/$(BUNDLE_EXECUTABLE_FOLDER_PATH)/HW5";
			};
			name = Debug;
		};
		97A9886B28DBB6540037D939 /* Release */ = {
			isa = XCBuildConfiguration;
			buildSettings = {
				ALWAYS_EMBED_SWIFT_STANDARD_LIBRARIES = YES;
				BUNDLE_LOADER = "$(TEST_HOST)";
				CODE_SIGN_STYLE = Automatic;
				CURRENT_PROJECT_VERSION = 1;
				GENERATE_INFOPLIST_FILE = YES;
				IPHONEOS_DEPLOYMENT_TARGET = 16.0;
				MARKETING_VERSION = 1.0;
				PRODUCT_BUNDLE_IDENTIFIER = com.meggleason.HW5Tests;
				PRODUCT_NAME = "$(TARGET_NAME)";
				SWIFT_EMIT_LOC_STRINGS = NO;
				SWIFT_VERSION = 5.0;
				TARGETED_DEVICE_FAMILY = "1,2";
				TEST_HOST = "$(BUILT_PRODUCTS_DIR)/HW5.app/$(BUNDLE_EXECUTABLE_FOLDER_PATH)/HW5";
			};
			name = Release;
		};
		97A9886D28DBB6540037D939 /* Debug */ = {
			isa = XCBuildConfiguration;
			buildSettings = {
				ALWAYS_EMBED_SWIFT_STANDARD_LIBRARIES = YES;
				CODE_SIGN_STYLE = Automatic;
				CURRENT_PROJECT_VERSION = 1;
				GENERATE_INFOPLIST_FILE = YES;
				MARKETING_VERSION = 1.0;
				PRODUCT_BUNDLE_IDENTIFIER = com.meggleason.HW5UITests;
				PRODUCT_NAME = "$(TARGET_NAME)";
				SWIFT_EMIT_LOC_STRINGS = NO;
				SWIFT_VERSION = 5.0;
				TARGETED_DEVICE_FAMILY = "1,2";
				TEST_TARGET_NAME = HW5;
			};
			name = Debug;
		};
		97A9886E28DBB6540037D939 /* Release */ = {
			isa = XCBuildConfiguration;
			buildSettings = {
				ALWAYS_EMBED_SWIFT_STANDARD_LIBRARIES = YES;
				CODE_SIGN_STYLE = Automatic;
				CURRENT_PROJECT_VERSION = 1;
				GENERATE_INFOPLIST_FILE = YES;
				MARKETING_VERSION = 1.0;
				PRODUCT_BUNDLE_IDENTIFIER = com.meggleason.HW5UITests;
				PRODUCT_NAME = "$(TARGET_NAME)";
				SWIFT_EMIT_LOC_STRINGS = NO;
				SWIFT_VERSION = 5.0;
				TARGETED_DEVICE_FAMILY = "1,2";
				TEST_TARGET_NAME = HW5;
			};
			name = Release;
		};
/* End XCBuildConfiguration section */

/* Begin XCConfigurationList section */
		97A9883D28DBB6520037D939 /* Build configuration list for PBXProject "HW5" */ = {
			isa = XCConfigurationList;
			buildConfigurations = (
				97A9886428DBB6540037D939 /* Debug */,
				97A9886528DBB6540037D939 /* Release */,
			);
			defaultConfigurationIsVisible = 0;
			defaultConfigurationName = Release;
		};
		97A9886628DBB6540037D939 /* Build configuration list for PBXNativeTarget "HW5" */ = {
			isa = XCConfigurationList;
			buildConfigurations = (
				97A9886728DBB6540037D939 /* Debug */,
				97A9886828DBB6540037D939 /* Release */,
			);
			defaultConfigurationIsVisible = 0;
			defaultConfigurationName = Release;
		};
		97A9886928DBB6540037D939 /* Build configuration list for PBXNativeTarget "HW5Tests" */ = {
			isa = XCConfigurationList;
			buildConfigurations = (
				97A9886A28DBB6540037D939 /* Debug */,
				97A9886B28DBB6540037D939 /* Release */,
			);
			defaultConfigurationIsVisible = 0;
			defaultConfigurationName = Release;
		};
		97A9886C28DBB6540037D939 /* Build configuration list for PBXNativeTarget "HW5UITests" */ = {
			isa = XCConfigurationList;
			buildConfigurations = (
				97A9886D28DBB6540037D939 /* Debug */,
				97A9886E28DBB6540037D939 /* Release */,
			);
			defaultConfigurationIsVisible = 0;
			defaultConfigurationName = Release;
		};
/* End XCConfigurationList section */
	};
	rootObject = 97A9883A28DBB6520037D939 /* Project object */;
}
